
Microsoft Visual Studio Solution File, Format Version 12.00
# Visual Studio Version 16
VisualStudioVersion = 16.0.31729.503
MinimumVisualStudioVersion = 10.0.40219.1
Project("{FAE04EC0-301F-11D3-BF4B-00C04F79EFBC}") = "Contact Tracing Information Viewer", "Contact Tracing Information Viewer.csproj", "{653052CD-69B7-4C31-9712-2EEF57268A16}"
EndProject
Global
	GlobalSection(SolutionConfigurationPlatforms) = preSolution
		Debug|Any CPU = Debug|Any CPU
		Release|Any CPU = Release|Any CPU
	EndGlobalSection
	GlobalSection(ProjectConfigurationPlatforms) = postSolution
		{653052CD-69B7-4C31-9712-2EEF57268A16}.Debug|Any CPU.ActiveCfg = Debug|Any CPU
		{653052CD-69B7-4C31-9712-2EEF57268A16}.Debug|Any CPU.Build.0 = Debug|Any CPU
		{653052CD-69B7-4C31-9712-2EEF57268A16}.Release|Any CPU.ActiveCfg = Release|Any CPU
		{653052CD-69B7-4C31-9712-2EEF57268A16}.Release|Any CPU.Build.0 = Release|Any CPU
	EndGlobalSection
	GlobalSection(SolutionProperties) = preSolution
		HideSolutionNode = FALSE
	EndGlobalSection
	GlobalSection(ExtensibilityGlobals) = postSolution
		SolutionGuid = {936F6E5D-441A-43DC-8F60-ACD6BBA63B4A}
	EndGlobalSection
EndGlobal
